// !$*UTF8*$!
{
	archiveVersion = 1;
	classes = {
	};
	objectVersion = 46;
	objects = {

/* Begin PBXBuildFile section */
		2BC491F016E7D92600295C84 /* tessdata in Resources */ = {isa = PBXBuildFile; fileRef = 2BC491EF16E7D92600295C84 /* tessdata */; };
		2BC491F416E7D93B00295C84 /* tesseract-ios in Resources */ = {isa = PBXBuildFile; fileRef = 2BC491F216E7D93B00295C84 /* tesseract-ios */; };
		2BC491F516E7D93B00295C84 /* tesseract-ios-lib in Resources */ = {isa = PBXBuildFile; fileRef = 2BC491F316E7D93B00295C84 /* tesseract-ios-lib */; };
		85EBDA6B16E7C5C800674177 /* PictureManager.m in Sources */ = {isa = PBXBuildFile; fileRef = 85EBDA6A16E7C5C800674177 /* PictureManager.m */; };
		85EBDA6E16E7CA4100674177 /* AssetsLibrary.framework in Frameworks */ = {isa = PBXBuildFile; fileRef = 85EBDA6D16E7CA4100674177 /* AssetsLibrary.framework */; };
		B2E30A9016B07CAA002C9E32 /* UIKit.framework in Frameworks */ = {isa = PBXBuildFile; fileRef = B2E30A8F16B07CAA002C9E32 /* UIKit.framework */; };
		B2E30A9216B07CAA002C9E32 /* Foundation.framework in Frameworks */ = {isa = PBXBuildFile; fileRef = B2E30A9116B07CAA002C9E32 /* Foundation.framework */; };
		B2E30A9416B07CAA002C9E32 /* CoreGraphics.framework in Frameworks */ = {isa = PBXBuildFile; fileRef = B2E30A9316B07CAA002C9E32 /* CoreGraphics.framework */; };
		B2E30A9A16B07CAA002C9E32 /* InfoPlist.strings in Resources */ = {isa = PBXBuildFile; fileRef = B2E30A9816B07CAA002C9E32 /* InfoPlist.strings */; };
		B2E30A9C16B07CAA002C9E32 /* main.m in Sources */ = {isa = PBXBuildFile; fileRef = B2E30A9B16B07CAA002C9E32 /* main.m */; };
		B2E30AA016B07CAA002C9E32 /* AppDelegate.m in Sources */ = {isa = PBXBuildFile; fileRef = B2E30A9F16B07CAA002C9E32 /* AppDelegate.m */; };
		B2E30AA216B07CAA002C9E32 /* Default.png in Resources */ = {isa = PBXBuildFile; fileRef = B2E30AA116B07CAA002C9E32 /* Default.png */; };
		B2E30AA416B07CAA002C9E32 /* Default@2x.png in Resources */ = {isa = PBXBuildFile; fileRef = B2E30AA316B07CAA002C9E32 /* Default@2x.png */; };
		B2E30AA616B07CAA002C9E32 /* Default-568h@2x.png in Resources */ = {isa = PBXBuildFile; fileRef = B2E30AA516B07CAA002C9E32 /* Default-568h@2x.png */; };
		B2E30AA916B07CAA002C9E32 /* MainStoryboard.storyboard in Resources */ = {isa = PBXBuildFile; fileRef = B2E30AA716B07CAA002C9E32 /* MainStoryboard.storyboard */; };
		B2E30AAC16B07CAA002C9E32 /* ViewController.m in Sources */ = {isa = PBXBuildFile; fileRef = B2E30AAB16B07CAA002C9E32 /* ViewController.m */; };
		B2E30AB416B07CAA002C9E32 /* SenTestingKit.framework in Frameworks */ = {isa = PBXBuildFile; fileRef = B2E30AB316B07CAA002C9E32 /* SenTestingKit.framework */; };
		B2E30AB516B07CAA002C9E32 /* UIKit.framework in Frameworks */ = {isa = PBXBuildFile; fileRef = B2E30A8F16B07CAA002C9E32 /* UIKit.framework */; };
		B2E30AB616B07CAA002C9E32 /* Foundation.framework in Frameworks */ = {isa = PBXBuildFile; fileRef = B2E30A9116B07CAA002C9E32 /* Foundation.framework */; };
		B2E30ABE16B07CAA002C9E32 /* InfoPlist.strings in Resources */ = {isa = PBXBuildFile; fileRef = B2E30ABC16B07CAA002C9E32 /* InfoPlist.strings */; };
		B2E30AC116B07CAA002C9E32 /* PhotoShells_singleViewTests.m in Sources */ = {isa = PBXBuildFile; fileRef = B2E30AC016B07CAA002C9E32 /* PhotoShells_singleViewTests.m */; };
		B2E30ACB16B07D71002C9E32 /* logo.png in Resources */ = {isa = PBXBuildFile; fileRef = B2E30ACA16B07D71002C9E32 /* logo.png */; };
/* End PBXBuildFile section */

/* Begin PBXContainerItemProxy section */
		B2E30AB716B07CAA002C9E32 /* PBXContainerItemProxy */ = {
			isa = PBXContainerItemProxy;
			containerPortal = B2E30A8216B07CAA002C9E32 /* Project object */;
			proxyType = 1;
			remoteGlobalIDString = B2E30A8A16B07CAA002C9E32;
			remoteInfo = PhotoShells.singleView;
		};
/* End PBXContainerItemProxy section */

/* Begin PBXFileReference section */
		2BC491EF16E7D92600295C84 /* tessdata */ = {isa = PBXFileReference; lastKnownFileType = folder; path = tessdata; sourceTree = "<group>"; };
		2BC491F216E7D93B00295C84 /* tesseract-ios */ = {isa = PBXFileReference; lastKnownFileType = folder; path = "tesseract-ios"; sourceTree = "<group>"; };
		2BC491F316E7D93B00295C84 /* tesseract-ios-lib */ = {isa = PBXFileReference; lastKnownFileType = folder; path = "tesseract-ios-lib"; sourceTree = "<group>"; };
		85EBDA6916E7C5C800674177 /* PictureManager.h */ = {isa = PBXFileReference; fileEncoding = 4; lastKnownFileType = sourcecode.c.h; path = PictureManager.h; sourceTree = "<group>"; };
		85EBDA6A16E7C5C800674177 /* PictureManager.m */ = {isa = PBXFileReference; fileEncoding = 4; lastKnownFileType = sourcecode.c.objc; path = PictureManager.m; sourceTree = "<group>"; };
		85EBDA6D16E7CA4100674177 /* AssetsLibrary.framework */ = {isa = PBXFileReference; lastKnownFileType = wrapper.framework; name = AssetsLibrary.framework; path = System/Library/Frameworks/AssetsLibrary.framework; sourceTree = SDKROOT; };
		B2E30A8B16B07CAA002C9E32 /* PhotoShells.singleView.app */ = {isa = PBXFileReference; explicitFileType = wrapper.application; includeInIndex = 0; path = PhotoShells.singleView.app; sourceTree = BUILT_PRODUCTS_DIR; };
		B2E30A8F16B07CAA002C9E32 /* UIKit.framework */ = {isa = PBXFileReference; lastKnownFileType = wrapper.framework; name = UIKit.framework; path = System/Library/Frameworks/UIKit.framework; sourceTree = SDKROOT; };
		B2E30A9116B07CAA002C9E32 /* Foundation.framework */ = {isa = PBXFileReference; lastKnownFileType = wrapper.framework; name = Foundation.framework; path = System/Library/Frameworks/Foundation.framework; sourceTree = SDKROOT; };
		B2E30A9316B07CAA002C9E32 /* CoreGraphics.framework */ = {isa = PBXFileReference; lastKnownFileType = wrapper.framework; name = CoreGraphics.framework; path = System/Library/Frameworks/CoreGraphics.framework; sourceTree = SDKROOT; };
		B2E30A9716B07CAA002C9E32 /* PhotoShells.singleView-Info.plist */ = {isa = PBXFileReference; lastKnownFileType = text.plist.xml; path = "PhotoShells.singleView-Info.plist"; sourceTree = "<group>"; };
		B2E30A9916B07CAA002C9E32 /* en */ = {isa = PBXFileReference; lastKnownFileType = text.plist.strings; name = en; path = en.lproj/InfoPlist.strings; sourceTree = "<group>"; };
		B2E30A9B16B07CAA002C9E32 /* main.m */ = {isa = PBXFileReference; lastKnownFileType = sourcecode.c.objc; path = main.m; sourceTree = "<group>"; };
		B2E30A9D16B07CAA002C9E32 /* PhotoShells.singleView-Prefix.pch */ = {isa = PBXFileReference; lastKnownFileType = sourcecode.c.h; path = "PhotoShells.singleView-Prefix.pch"; sourceTree = "<group>"; };
		B2E30A9E16B07CAA002C9E32 /* AppDelegate.h */ = {isa = PBXFileReference; lastKnownFileType = sourcecode.c.h; path = AppDelegate.h; sourceTree = "<group>"; };
		B2E30A9F16B07CAA002C9E32 /* AppDelegate.m */ = {isa = PBXFileReference; lastKnownFileType = sourcecode.c.objc; path = AppDelegate.m; sourceTree = "<group>"; };
		B2E30AA116B07CAA002C9E32 /* Default.png */ = {isa = PBXFileReference; lastKnownFileType = image.png; path = Default.png; sourceTree = "<group>"; };
		B2E30AA316B07CAA002C9E32 /* Default@2x.png */ = {isa = PBXFileReference; lastKnownFileType = image.png; path = "Default@2x.png"; sourceTree = "<group>"; };
		B2E30AA516B07CAA002C9E32 /* Default-568h@2x.png */ = {isa = PBXFileReference; lastKnownFileType = image.png; path = "Default-568h@2x.png"; sourceTree = "<group>"; };
		B2E30AA816B07CAA002C9E32 /* en */ = {isa = PBXFileReference; lastKnownFileType = file.storyboard; name = en; path = en.lproj/MainStoryboard.storyboard; sourceTree = "<group>"; };
		B2E30AAA16B07CAA002C9E32 /* ViewController.h */ = {isa = PBXFileReference; lastKnownFileType = sourcecode.c.h; path = ViewController.h; sourceTree = "<group>"; };
		B2E30AAB16B07CAA002C9E32 /* ViewController.m */ = {isa = PBXFileReference; lastKnownFileType = sourcecode.c.objc; path = ViewController.m; sourceTree = "<group>"; };
		B2E30AB216B07CAA002C9E32 /* PhotoShells.singleViewTests.octest */ = {isa = PBXFileReference; explicitFileType = wrapper.cfbundle; includeInIndex = 0; path = PhotoShells.singleViewTests.octest; sourceTree = BUILT_PRODUCTS_DIR; };
		B2E30AB316B07CAA002C9E32 /* SenTestingKit.framework */ = {isa = PBXFileReference; lastKnownFileType = wrapper.framework; name = SenTestingKit.framework; path = Library/Frameworks/SenTestingKit.framework; sourceTree = DEVELOPER_DIR; };
		B2E30ABB16B07CAA002C9E32 /* PhotoShells.singleViewTests-Info.plist */ = {isa = PBXFileReference; lastKnownFileType = text.plist.xml; path = "PhotoShells.singleViewTests-Info.plist"; sourceTree = "<group>"; };
		B2E30ABD16B07CAA002C9E32 /* en */ = {isa = PBXFileReference; lastKnownFileType = text.plist.strings; name = en; path = en.lproj/InfoPlist.strings; sourceTree = "<group>"; };
		B2E30ABF16B07CAA002C9E32 /* PhotoShells_singleViewTests.h */ = {isa = PBXFileReference; lastKnownFileType = sourcecode.c.h; path = PhotoShells_singleViewTests.h; sourceTree = "<group>"; };
		B2E30AC016B07CAA002C9E32 /* PhotoShells_singleViewTests.m */ = {isa = PBXFileReference; lastKnownFileType = sourcecode.c.objc; path = PhotoShells_singleViewTests.m; sourceTree = "<group>"; };
		B2E30ACA16B07D71002C9E32 /* logo.png */ = {isa = PBXFileReference; lastKnownFileType = image.png; path = logo.png; sourceTree = "<group>"; };
/* End PBXFileReference section */

/* Begin PBXFrameworksBuildPhase section */
		B2E30A8816B07CAA002C9E32 /* Frameworks */ = {
			isa = PBXFrameworksBuildPhase;
			buildActionMask = 2147483647;
			files = (
				85EBDA6E16E7CA4100674177 /* AssetsLibrary.framework in Frameworks */,
				B2E30A9016B07CAA002C9E32 /* UIKit.framework in Frameworks */,
				B2E30A9216B07CAA002C9E32 /* Foundation.framework in Frameworks */,
				B2E30A9416B07CAA002C9E32 /* CoreGraphics.framework in Frameworks */,
			);
			runOnlyForDeploymentPostprocessing = 0;
		};
		B2E30AAE16B07CAA002C9E32 /* Frameworks */ = {
			isa = PBXFrameworksBuildPhase;
			buildActionMask = 2147483647;
			files = (
				B2E30AB416B07CAA002C9E32 /* SenTestingKit.framework in Frameworks */,
				B2E30AB516B07CAA002C9E32 /* UIKit.framework in Frameworks */,
				B2E30AB616B07CAA002C9E32 /* Foundation.framework in Frameworks */,
			);
			runOnlyForDeploymentPostprocessing = 0;
		};
/* End PBXFrameworksBuildPhase section */

/* Begin PBXGroup section */
		B2E30A8016B07CAA002C9E32 = {
			isa = PBXGroup;
			children = (
				B2E30ACA16B07D71002C9E32 /* logo.png */,
				B2E30A9516B07CAA002C9E32 /* PhotoShells.singleView */,
				B2E30AB916B07CAA002C9E32 /* PhotoShells.singleViewTests */,
				B2E30A8E16B07CAA002C9E32 /* Frameworks */,
				B2E30A8C16B07CAA002C9E32 /* Products */,
			);
			sourceTree = "<group>";
		};
		B2E30A8C16B07CAA002C9E32 /* Products */ = {
			isa = PBXGroup;
			children = (
				B2E30A8B16B07CAA002C9E32 /* PhotoShells.singleView.app */,
				B2E30AB216B07CAA002C9E32 /* PhotoShells.singleViewTests.octest */,
			);
			name = Products;
			sourceTree = "<group>";
		};
		B2E30A8E16B07CAA002C9E32 /* Frameworks */ = {
			isa = PBXGroup;
			children = (
				85EBDA6D16E7CA4100674177 /* AssetsLibrary.framework */,
				B2E30A8F16B07CAA002C9E32 /* UIKit.framework */,
				B2E30A9116B07CAA002C9E32 /* Foundation.framework */,
				B2E30A9316B07CAA002C9E32 /* CoreGraphics.framework */,
				B2E30AB316B07CAA002C9E32 /* SenTestingKit.framework */,
			);
			name = Frameworks;
			sourceTree = "<group>";
		};
		B2E30A9516B07CAA002C9E32 /* PhotoShells.singleView */ = {
			isa = PBXGroup;
			children = (
				2BC491F216E7D93B00295C84 /* tesseract-ios */,
				2BC491F316E7D93B00295C84 /* tesseract-ios-lib */,
				2BC491EF16E7D92600295C84 /* tessdata */,
				B2E30A9E16B07CAA002C9E32 /* AppDelegate.h */,
				B2E30A9F16B07CAA002C9E32 /* AppDelegate.m */,
				B2E30AA716B07CAA002C9E32 /* MainStoryboard.storyboard */,
				B2E30AAA16B07CAA002C9E32 /* ViewController.h */,
				B2E30AAB16B07CAA002C9E32 /* ViewController.m */,
				85EBDA6916E7C5C800674177 /* PictureManager.h */,
				85EBDA6A16E7C5C800674177 /* PictureManager.m */,
				B2E30A9616B07CAA002C9E32 /* Supporting Files */,
			);
			path = PhotoShells.singleView;
			sourceTree = "<group>";
		};
		B2E30A9616B07CAA002C9E32 /* Supporting Files */ = {
			isa = PBXGroup;
			children = (
				B2E30A9716B07CAA002C9E32 /* PhotoShells.singleView-Info.plist */,
				B2E30A9816B07CAA002C9E32 /* InfoPlist.strings */,
				B2E30A9B16B07CAA002C9E32 /* main.m */,
				B2E30A9D16B07CAA002C9E32 /* PhotoShells.singleView-Prefix.pch */,
				B2E30AA116B07CAA002C9E32 /* Default.png */,
				B2E30AA316B07CAA002C9E32 /* Default@2x.png */,
				B2E30AA516B07CAA002C9E32 /* Default-568h@2x.png */,
			);
			name = "Supporting Files";
			sourceTree = "<group>";
		};
		B2E30AB916B07CAA002C9E32 /* PhotoShells.singleViewTests */ = {
			isa = PBXGroup;
			children = (
				B2E30ABF16B07CAA002C9E32 /* PhotoShells_singleViewTests.h */,
				B2E30AC016B07CAA002C9E32 /* PhotoShells_singleViewTests.m */,
				B2E30ABA16B07CAA002C9E32 /* Supporting Files */,
			);
			path = PhotoShells.singleViewTests;
			sourceTree = "<group>";
		};
		B2E30ABA16B07CAA002C9E32 /* Supporting Files */ = {
			isa = PBXGroup;
			children = (
				B2E30ABB16B07CAA002C9E32 /* PhotoShells.singleViewTests-Info.plist */,
				B2E30ABC16B07CAA002C9E32 /* InfoPlist.strings */,
			);
			name = "Supporting Files";
			sourceTree = "<group>";
		};
/* End PBXGroup section */

/* Begin PBXNativeTarget section */
		B2E30A8A16B07CAA002C9E32 /* PhotoShells.singleView */ = {
			isa = PBXNativeTarget;
			buildConfigurationList = B2E30AC416B07CAA002C9E32 /* Build configuration list for PBXNativeTarget "PhotoShells.singleView" */;
			buildPhases = (
				B2E30A8716B07CAA002C9E32 /* Sources */,
				B2E30A8816B07CAA002C9E32 /* Frameworks */,
				B2E30A8916B07CAA002C9E32 /* Resources */,
			);
			buildRules = (
			);
			dependencies = (
			);
			name = PhotoShells.singleView;
			productName = PhotoShells.singleView;
			productReference = B2E30A8B16B07CAA002C9E32 /* PhotoShells.singleView.app */;
			productType = "com.apple.product-type.application";
		};
		B2E30AB116B07CAA002C9E32 /* PhotoShells.singleViewTests */ = {
			isa = PBXNativeTarget;
			buildConfigurationList = B2E30AC716B07CAA002C9E32 /* Build configuration list for PBXNativeTarget "PhotoShells.singleViewTests" */;
			buildPhases = (
				B2E30AAD16B07CAA002C9E32 /* Sources */,
				B2E30AAE16B07CAA002C9E32 /* Frameworks */,
				B2E30AAF16B07CAA002C9E32 /* Resources */,
				B2E30AB016B07CAA002C9E32 /* ShellScript */,
			);
			buildRules = (
			);
			dependencies = (
				B2E30AB816B07CAA002C9E32 /* PBXTargetDependency */,
			);
			name = PhotoShells.singleViewTests;
			productName = PhotoShells.singleViewTests;
			productReference = B2E30AB216B07CAA002C9E32 /* PhotoShells.singleViewTests.octest */;
			productType = "com.apple.product-type.bundle";
		};
/* End PBXNativeTarget section */

/* Begin PBXProject section */
		B2E30A8216B07CAA002C9E32 /* Project object */ = {
			isa = PBXProject;
			attributes = {
				LastUpgradeCheck = 0450;
				ORGANIZATIONNAME = "Vrinda Vaish";
			};
			buildConfigurationList = B2E30A8516B07CAA002C9E32 /* Build configuration list for PBXProject "PhotoShells.singleView" */;
			compatibilityVersion = "Xcode 3.2";
			developmentRegion = English;
			hasScannedForEncodings = 0;
			knownRegions = (
				en,
			);
			mainGroup = B2E30A8016B07CAA002C9E32;
			productRefGroup = B2E30A8C16B07CAA002C9E32 /* Products */;
			projectDirPath = "";
			projectRoot = "";
			targets = (
				B2E30A8A16B07CAA002C9E32 /* PhotoShells.singleView */,
				B2E30AB116B07CAA002C9E32 /* PhotoShells.singleViewTests */,
			);
		};
/* End PBXProject section */

/* Begin PBXResourcesBuildPhase section */
		B2E30A8916B07CAA002C9E32 /* Resources */ = {
			isa = PBXResourcesBuildPhase;
			buildActionMask = 2147483647;
			files = (
				B2E30A9A16B07CAA002C9E32 /* InfoPlist.strings in Resources */,
				B2E30AA216B07CAA002C9E32 /* Default.png in Resources */,
				B2E30AA416B07CAA002C9E32 /* Default@2x.png in Resources */,
				B2E30AA616B07CAA002C9E32 /* Default-568h@2x.png in Resources */,
				B2E30AA916B07CAA002C9E32 /* MainStoryboard.storyboard in Resources */,
				B2E30ACB16B07D71002C9E32 /* logo.png in Resources */,
				2BC491F016E7D92600295C84 /* tessdata in Resources */,
				2BC491F416E7D93B00295C84 /* tesseract-ios in Resources */,
				2BC491F516E7D93B00295C84 /* tesseract-ios-lib in Resources */,
			);
			runOnlyForDeploymentPostprocessing = 0;
		};
		B2E30AAF16B07CAA002C9E32 /* Resources */ = {
			isa = PBXResourcesBuildPhase;
			buildActionMask = 2147483647;
			files = (
				B2E30ABE16B07CAA002C9E32 /* InfoPlist.strings in Resources */,
			);
			runOnlyForDeploymentPostprocessing = 0;
		};
/* End PBXResourcesBuildPhase section */

/* Begin PBXShellScriptBuildPhase section */
		B2E30AB016B07CAA002C9E32 /* ShellScript */ = {
			isa = PBXShellScriptBuildPhase;
			buildActionMask = 2147483647;
			files = (
			);
			inputPaths = (
			);
			outputPaths = (
			);
			runOnlyForDeploymentPostprocessing = 0;
			shellPath = /bin/sh;
			shellScript = "# Run the unit tests in this test bundle.\n\"${SYSTEM_DEVELOPER_DIR}/Tools/RunUnitTests\"\n";
		};
/* End PBXShellScriptBuildPhase section */

/* Begin PBXSourcesBuildPhase section */
		B2E30A8716B07CAA002C9E32 /* Sources */ = {
			isa = PBXSourcesBuildPhase;
			buildActionMask = 2147483647;
			files = (
				B2E30A9C16B07CAA002C9E32 /* main.m in Sources */,
				B2E30AA016B07CAA002C9E32 /* AppDelegate.m in Sources */,
				B2E30AAC16B07CAA002C9E32 /* ViewController.m in Sources */,
				85EBDA6B16E7C5C800674177 /* PictureManager.m in Sources */,
			);
			runOnlyForDeploymentPostprocessing = 0;
		};
		B2E30AAD16B07CAA002C9E32 /* Sources */ = {
			isa = PBXSourcesBuildPhase;
			buildActionMask = 2147483647;
			files = (
				B2E30AC116B07CAA002C9E32 /* PhotoShells_singleViewTests.m in Sources */,
			);
			runOnlyForDeploymentPostprocessing = 0;
		};
/* End PBXSourcesBuildPhase section */

/* Begin PBXTargetDependency section */
		B2E30AB816B07CAA002C9E32 /* PBXTargetDependency */ = {
			isa = PBXTargetDependency;
			target = B2E30A8A16B07CAA002C9E32 /* PhotoShells.singleView */;
			targetProxy = B2E30AB716B07CAA002C9E32 /* PBXContainerItemProxy */;
		};
/* End PBXTargetDependency section */

/* Begin PBXVariantGroup section */
		B2E30A9816B07CAA002C9E32 /* InfoPlist.strings */ = {
			isa = PBXVariantGroup;
			children = (
				B2E30A9916B07CAA002C9E32 /* en */,
			);
			name = InfoPlist.strings;
			sourceTree = "<group>";
		};
		B2E30AA716B07CAA002C9E32 /* MainStoryboard.storyboard */ = {
			isa = PBXVariantGroup;
			children = (
				B2E30AA816B07CAA002C9E32 /* en */,
			);
			name = MainStoryboard.storyboard;
			sourceTree = "<group>";
		};
		B2E30ABC16B07CAA002C9E32 /* InfoPlist.strings */ = {
			isa = PBXVariantGroup;
			children = (
				B2E30ABD16B07CAA002C9E32 /* en */,
			);
			name = InfoPlist.strings;
			sourceTree = "<group>";
		};
/* End PBXVariantGroup section */

/* Begin XCBuildConfiguration section */
		B2E30AC216B07CAA002C9E32 /* Debug */ = {
			isa = XCBuildConfiguration;
			buildSettings = {
				ALWAYS_SEARCH_USER_PATHS = NO;
				CLANG_CXX_LANGUAGE_STANDARD = "gnu++0x";
				CLANG_CXX_LIBRARY = "libc++";
				CLANG_ENABLE_OBJC_ARC = YES;
				CLANG_WARN_EMPTY_BODY = YES;
				CLANG_WARN__DUPLICATE_METHOD_MATCH = YES;
				"CODE_SIGN_IDENTITY[sdk=iphoneos*]" = "iPhone Developer";
				COPY_PHASE_STRIP = NO;
				GCC_C_LANGUAGE_STANDARD = gnu99;
				GCC_DYNAMIC_NO_PIC = NO;
				GCC_OPTIMIZATION_LEVEL = 0;
				GCC_PREPROCESSOR_DEFINITIONS = (
					"DEBUG=1",
					"$(inherited)",
				);
				GCC_SYMBOLS_PRIVATE_EXTERN = NO;
				GCC_WARN_ABOUT_RETURN_TYPE = YES;
				GCC_WARN_UNINITIALIZED_AUTOS = YES;
				GCC_WARN_UNUSED_VARIABLE = YES;
				IPHONEOS_DEPLOYMENT_TARGET = 6.0;
				ONLY_ACTIVE_ARCH = YES;
				SDKROOT = iphoneos;
			};
			name = Debug;
		};
		B2E30AC316B07CAA002C9E32 /* Release */ = {
			isa = XCBuildConfiguration;
			buildSettings = {
				ALWAYS_SEARCH_USER_PATHS = NO;
				CLANG_CXX_LANGUAGE_STANDARD = "gnu++0x";
				CLANG_CXX_LIBRARY = "libc++";
				CLANG_ENABLE_OBJC_ARC = YES;
				CLANG_WARN_EMPTY_BODY = YES;
				CLANG_WARN__DUPLICATE_METHOD_MATCH = YES;
				"CODE_SIGN_IDENTITY[sdk=iphoneos*]" = "iPhone Developer";
				COPY_PHASE_STRIP = YES;
				GCC_C_LANGUAGE_STANDARD = gnu99;
				GCC_WARN_ABOUT_RETURN_TYPE = YES;
				GCC_WARN_UNINITIALIZED_AUTOS = YES;
				GCC_WARN_UNUSED_VARIABLE = YES;
				IPHONEOS_DEPLOYMENT_TARGET = 6.0;
				OTHER_CFLAGS = "-DNS_BLOCK_ASSERTIONS=1";
				SDKROOT = iphoneos;
				VALIDATE_PRODUCT = YES;
			};
			name = Release;
		};
		B2E30AC516B07CAA002C9E32 /* Debug */ = {
			isa = XCBuildConfiguration;
			buildSettings = {
				GCC_PRECOMPILE_PREFIX_HEADER = YES;
				GCC_PREFIX_HEADER = "PhotoShells.singleView/PhotoShells.singleView-Prefix.pch";
				INFOPLIST_FILE = "PhotoShells.singleView/PhotoShells.singleView-Info.plist";
				PRODUCT_NAME = "$(TARGET_NAME)";
				WRAPPER_EXTENSION = app;
			};
			name = Debug;
		};
		B2E30AC616B07CAA002C9E32 /* Release */ = {
			isa = XCBuildConfiguration;
			buildSettings = {
				GCC_PRECOMPILE_PREFIX_HEADER = YES;
				GCC_PREFIX_HEADER = "PhotoShells.singleView/PhotoShells.singleView-Prefix.pch";
				INFOPLIST_FILE = "PhotoShells.singleView/PhotoShells.singleView-Info.plist";
				PRODUCT_NAME = "$(TARGET_NAME)";
				WRAPPER_EXTENSION = app;
			};
			name = Release;
		};
		B2E30AC816B07CAA002C9E32 /* Debug */ = {
			isa = XCBuildConfiguration;
			buildSettings = {
				BUNDLE_LOADER = "$(BUILT_PRODUCTS_DIR)/PhotoShells.singleView.app/PhotoShells.singleView";
				FRAMEWORK_SEARCH_PATHS = (
					"\"$(SDKROOT)/Developer/Library/Frameworks\"",
					"\"$(DEVELOPER_LIBRARY_DIR)/Frameworks\"",
				);
				GCC_PRECOMPILE_PREFIX_HEADER = YES;
				GCC_PREFIX_HEADER = "PhotoShells.singleView/PhotoShells.singleView-Prefix.pch";
				INFOPLIST_FILE = "PhotoShells.singleViewTests/PhotoShells.singleViewTests-Info.plist";
				PRODUCT_NAME = "$(TARGET_NAME)";
				TEST_HOST = "$(BUNDLE_LOADER)";
				WRAPPER_EXTENSION = octest;
			};
			name = Debug;
		};
		B2E30AC916B07CAA002C9E32 /* Release */ = {
			isa = XCBuildConfiguration;
			buildSettings = {
				BUNDLE_LOADER = "$(BUILT_PRODUCTS_DIR)/PhotoShells.singleView.app/PhotoShells.singleView";
				FRAMEWORK_SEARCH_PATHS = (
					"\"$(SDKROOT)/Developer/Library/Frameworks\"",
					"\"$(DEVELOPER_LIBRARY_DIR)/Frameworks\"",
				);
				GCC_PRECOMPILE_PREFIX_HEADER = YES;
				GCC_PREFIX_HEADER = "PhotoShells.singleView/PhotoShells.singleView-Prefix.pch";
				INFOPLIST_FILE = "PhotoShells.singleViewTests/PhotoShells.singleViewTests-Info.plist";
				PRODUCT_NAME = "$(TARGET_NAME)";
				TEST_HOST = "$(BUNDLE_LOADER)";
				WRAPPER_EXTENSION = octest;
			};
			name = Release;
		};
/* End XCBuildConfiguration section */

/* Begin XCConfigurationList section */
		B2E30A8516B07CAA002C9E32 /* Build configuration list for PBXProject "PhotoShells.singleView" */ = {
			isa = XCConfigurationList;
			buildConfigurations = (
				B2E30AC216B07CAA002C9E32 /* Debug */,
				B2E30AC316B07CAA002C9E32 /* Release */,
			);
			defaultConfigurationIsVisible = 0;
			defaultConfigurationName = Release;
		};
		B2E30AC416B07CAA002C9E32 /* Build configuration list for PBXNativeTarget "PhotoShells.singleView" */ = {
			isa = XCConfigurationList;
			buildConfigurations = (
				B2E30AC516B07CAA002C9E32 /* Debug */,
				B2E30AC616B07CAA002C9E32 /* Release */,
			);
			defaultConfigurationIsVisible = 0;
			defaultConfigurationName = Release;
		};
		B2E30AC716B07CAA002C9E32 /* Build configuration list for PBXNativeTarget "PhotoShells.singleViewTests" */ = {
			isa = XCConfigurationList;
			buildConfigurations = (
				B2E30AC816B07CAA002C9E32 /* Debug */,
				B2E30AC916B07CAA002C9E32 /* Release */,
			);
			defaultConfigurationIsVisible = 0;
			defaultConfigurationName = Release;
		};
/* End XCConfigurationList section */
	};
	rootObject = B2E30A8216B07CAA002C9E32 /* Project object */;
}
