// !$*UTF8*$!
{
	archiveVersion = 1;
	classes = {
	};
	objectVersion = 46;
	objects = {

/* Begin PBXBuildFile section */
		8542CDCD16E9BD920013701E /* OCR.m in Sources */ = {isa = PBXBuildFile; fileRef = 8542CDCC16E9BD920013701E /* OCR.m */; };
		8542CDCE16E9BD920013701E /* OCR.m in Sources */ = {isa = PBXBuildFile; fileRef = 8542CDCC16E9BD920013701E /* OCR.m */; };
		85873B6616EA39B300D13573 /* Tesseract.mm in Sources */ = {isa = PBXBuildFile; fileRef = 85873AF616EA39B300D13573 /* Tesseract.mm */; };
		85873B6716EA39B300D13573 /* Tesseract.mm in Sources */ = {isa = PBXBuildFile; fileRef = 85873AF616EA39B300D13573 /* Tesseract.mm */; };
		85873B6816EA39B300D13573 /* LICENSE in Resources */ = {isa = PBXBuildFile; fileRef = 85873AF716EA39B300D13573 /* LICENSE */; };
		85873B6916EA39B300D13573 /* LICENSE in Resources */ = {isa = PBXBuildFile; fileRef = 85873AF716EA39B300D13573 /* LICENSE */; };
		85873B6A16EA39B300D13573 /* README.md in Resources */ = {isa = PBXBuildFile; fileRef = 85873AF816EA39B300D13573 /* README.md */; };
		85873B6B16EA39B300D13573 /* README.md in Resources */ = {isa = PBXBuildFile; fileRef = 85873AF816EA39B300D13573 /* README.md */; };
		85873B6C16EA39B300D13573 /* .gitignore in Resources */ = {isa = PBXBuildFile; fileRef = 85873AFA16EA39B300D13573 /* .gitignore */; };
		85873B6D16EA39B300D13573 /* .gitignore in Resources */ = {isa = PBXBuildFile; fileRef = 85873AFA16EA39B300D13573 /* .gitignore */; };
		85873B6E16EA39B300D13573 /* liblept.a in Frameworks */ = {isa = PBXBuildFile; fileRef = 85873B6316EA39B300D13573 /* liblept.a */; };
		85873B6F16EA39B300D13573 /* liblept.a in Frameworks */ = {isa = PBXBuildFile; fileRef = 85873B6316EA39B300D13573 /* liblept.a */; };
		85873B7016EA39B300D13573 /* libtesseract_all.a in Frameworks */ = {isa = PBXBuildFile; fileRef = 85873B6416EA39B300D13573 /* libtesseract_all.a */; };
		85873B7116EA39B300D13573 /* libtesseract_all.a in Frameworks */ = {isa = PBXBuildFile; fileRef = 85873B6416EA39B300D13573 /* libtesseract_all.a */; };
		85873B7216EA39B300D13573 /* README.md in Resources */ = {isa = PBXBuildFile; fileRef = 85873B6516EA39B300D13573 /* README.md */; };
		85873B7316EA39B300D13573 /* README.md in Resources */ = {isa = PBXBuildFile; fileRef = 85873B6516EA39B300D13573 /* README.md */; };
		85873B7516EA39C300D13573 /* tessdata in Resources */ = {isa = PBXBuildFile; fileRef = 85873B7416EA39C300D13573 /* tessdata */; };
		85873B7616EA39C300D13573 /* tessdata in Resources */ = {isa = PBXBuildFile; fileRef = 85873B7416EA39C300D13573 /* tessdata */; };
		85873B7816EA39F100D13573 /* logo.png in Resources */ = {isa = PBXBuildFile; fileRef = 85873B7716EA39F100D13573 /* logo.png */; };
		85873B7916EA39F100D13573 /* logo.png in Resources */ = {isa = PBXBuildFile; fileRef = 85873B7716EA39F100D13573 /* logo.png */; };
		85EBDA6B16E7C5C800674177 /* PictureManager.m in Sources */ = {isa = PBXBuildFile; fileRef = 85EBDA6A16E7C5C800674177 /* PictureManager.m */; };
		85EBDA6E16E7CA4100674177 /* AssetsLibrary.framework in Frameworks */ = {isa = PBXBuildFile; fileRef = 85EBDA6D16E7CA4100674177 /* AssetsLibrary.framework */; };
		B2E30A9016B07CAA002C9E32 /* UIKit.framework in Frameworks */ = {isa = PBXBuildFile; fileRef = B2E30A8F16B07CAA002C9E32 /* UIKit.framework */; };
		B2E30A9216B07CAA002C9E32 /* Foundation.framework in Frameworks */ = {isa = PBXBuildFile; fileRef = B2E30A9116B07CAA002C9E32 /* Foundation.framework */; };
		B2E30A9416B07CAA002C9E32 /* CoreGraphics.framework in Frameworks */ = {isa = PBXBuildFile; fileRef = B2E30A9316B07CAA002C9E32 /* CoreGraphics.framework */; };
		B2E30A9A16B07CAA002C9E32 /* InfoPlist.strings in Resources */ = {isa = PBXBuildFile; fileRef = B2E30A9816B07CAA002C9E32 /* InfoPlist.strings */; };
		B2E30A9C16B07CAA002C9E32 /* main.m in Sources */ = {isa = PBXBuildFile; fileRef = B2E30A9B16B07CAA002C9E32 /* main.m */; };
		B2E30AA016B07CAA002C9E32 /* AppDelegate.m in Sources */ = {isa = PBXBuildFile; fileRef = B2E30A9F16B07CAA002C9E32 /* AppDelegate.m */; };
		B2E30AA216B07CAA002C9E32 /* Default.png in Resources */ = {isa = PBXBuildFile; fileRef = B2E30AA116B07CAA002C9E32 /* Default.png */; };
		B2E30AA416B07CAA002C9E32 /* Default@2x.png in Resources */ = {isa = PBXBuildFile; fileRef = B2E30AA316B07CAA002C9E32 /* Default@2x.png */; };
		B2E30AA616B07CAA002C9E32 /* Default-568h@2x.png in Resources */ = {isa = PBXBuildFile; fileRef = B2E30AA516B07CAA002C9E32 /* Default-568h@2x.png */; };
		B2E30AA916B07CAA002C9E32 /* MainStoryboard.storyboard in Resources */ = {isa = PBXBuildFile; fileRef = B2E30AA716B07CAA002C9E32 /* MainStoryboard.storyboard */; };
		B2E30AAC16B07CAA002C9E32 /* ViewController.m in Sources */ = {isa = PBXBuildFile; fileRef = B2E30AAB16B07CAA002C9E32 /* ViewController.m */; };
		B2E30AB416B07CAA002C9E32 /* SenTestingKit.framework in Frameworks */ = {isa = PBXBuildFile; fileRef = B2E30AB316B07CAA002C9E32 /* SenTestingKit.framework */; };
		B2E30AB516B07CAA002C9E32 /* UIKit.framework in Frameworks */ = {isa = PBXBuildFile; fileRef = B2E30A8F16B07CAA002C9E32 /* UIKit.framework */; };
		B2E30AB616B07CAA002C9E32 /* Foundation.framework in Frameworks */ = {isa = PBXBuildFile; fileRef = B2E30A9116B07CAA002C9E32 /* Foundation.framework */; };
		B2E30ABE16B07CAA002C9E32 /* InfoPlist.strings in Resources */ = {isa = PBXBuildFile; fileRef = B2E30ABC16B07CAA002C9E32 /* InfoPlist.strings */; };
		B2E30AC116B07CAA002C9E32 /* PhotoShells_singleViewTests.m in Sources */ = {isa = PBXBuildFile; fileRef = B2E30AC016B07CAA002C9E32 /* PhotoShells_singleViewTests.m */; };
/* End PBXBuildFile section */

/* Begin PBXContainerItemProxy section */
		B2E30AB716B07CAA002C9E32 /* PBXContainerItemProxy */ = {
			isa = PBXContainerItemProxy;
			containerPortal = B2E30A8216B07CAA002C9E32 /* Project object */;
			proxyType = 1;
			remoteGlobalIDString = B2E30A8A16B07CAA002C9E32;
			remoteInfo = PhotoShells.singleView;
		};
/* End PBXContainerItemProxy section */

/* Begin PBXFileReference section */
		8542CDCB16E9BD920013701E /* OCR.h */ = {isa = PBXFileReference; fileEncoding = 4; lastKnownFileType = sourcecode.c.h; path = OCR.h; sourceTree = "<group>"; };
		8542CDCC16E9BD920013701E /* OCR.m */ = {isa = PBXFileReference; fileEncoding = 4; lastKnownFileType = sourcecode.c.objc; path = OCR.m; sourceTree = "<group>"; };
		85873AF516EA39B300D13573 /* Tesseract.h */ = {isa = PBXFileReference; fileEncoding = 4; lastKnownFileType = sourcecode.c.h; path = Tesseract.h; sourceTree = "<group>"; };
		85873AF616EA39B300D13573 /* Tesseract.mm */ = {isa = PBXFileReference; fileEncoding = 4; lastKnownFileType = sourcecode.cpp.objcpp; path = Tesseract.mm; sourceTree = "<group>"; };
		85873AF716EA39B300D13573 /* LICENSE */ = {isa = PBXFileReference; fileEncoding = 4; lastKnownFileType = text; path = LICENSE; sourceTree = "<group>"; };
		85873AF816EA39B300D13573 /* README.md */ = {isa = PBXFileReference; fileEncoding = 4; lastKnownFileType = text; path = README.md; sourceTree = "<group>"; };
		85873AFA16EA39B300D13573 /* .gitignore */ = {isa = PBXFileReference; fileEncoding = 4; lastKnownFileType = text; path = .gitignore; sourceTree = "<group>"; };
		85873AFD16EA39B300D13573 /* allheaders.h */ = {isa = PBXFileReference; fileEncoding = 4; lastKnownFileType = sourcecode.c.h; path = allheaders.h; sourceTree = "<group>"; };
		85873AFE16EA39B300D13573 /* alltypes.h */ = {isa = PBXFileReference; fileEncoding = 4; lastKnownFileType = sourcecode.c.h; path = alltypes.h; sourceTree = "<group>"; };
		85873AFF16EA39B300D13573 /* array.h */ = {isa = PBXFileReference; fileEncoding = 4; lastKnownFileType = sourcecode.c.h; path = array.h; sourceTree = "<group>"; };
		85873B0016EA39B300D13573 /* arrayaccess.h */ = {isa = PBXFileReference; fileEncoding = 4; lastKnownFileType = sourcecode.c.h; path = arrayaccess.h; sourceTree = "<group>"; };
		85873B0116EA39B300D13573 /* bbuffer.h */ = {isa = PBXFileReference; fileEncoding = 4; lastKnownFileType = sourcecode.c.h; path = bbuffer.h; sourceTree = "<group>"; };
		85873B0216EA39B300D13573 /* bmf.h */ = {isa = PBXFileReference; fileEncoding = 4; lastKnownFileType = sourcecode.c.h; path = bmf.h; sourceTree = "<group>"; };
		85873B0316EA39B300D13573 /* bmp.h */ = {isa = PBXFileReference; fileEncoding = 4; lastKnownFileType = sourcecode.c.h; path = bmp.h; sourceTree = "<group>"; };
		85873B0416EA39B300D13573 /* ccbord.h */ = {isa = PBXFileReference; fileEncoding = 4; lastKnownFileType = sourcecode.c.h; path = ccbord.h; sourceTree = "<group>"; };
		85873B0516EA39B300D13573 /* dewarp.h */ = {isa = PBXFileReference; fileEncoding = 4; lastKnownFileType = sourcecode.c.h; path = dewarp.h; sourceTree = "<group>"; };
		85873B0616EA39B300D13573 /* endianness.h */ = {isa = PBXFileReference; fileEncoding = 4; lastKnownFileType = sourcecode.c.h; path = endianness.h; sourceTree = "<group>"; };
		85873B0716EA39B300D13573 /* environ.h */ = {isa = PBXFileReference; fileEncoding = 4; lastKnownFileType = sourcecode.c.h; path = environ.h; sourceTree = "<group>"; };
		85873B0816EA39B300D13573 /* freetype.h */ = {isa = PBXFileReference; fileEncoding = 4; lastKnownFileType = sourcecode.c.h; path = freetype.h; sourceTree = "<group>"; };
		85873B0916EA39B300D13573 /* gplot.h */ = {isa = PBXFileReference; fileEncoding = 4; lastKnownFileType = sourcecode.c.h; path = gplot.h; sourceTree = "<group>"; };
		85873B0A16EA39B300D13573 /* heap.h */ = {isa = PBXFileReference; fileEncoding = 4; lastKnownFileType = sourcecode.c.h; path = heap.h; sourceTree = "<group>"; };
		85873B0B16EA39B300D13573 /* imageio.h */ = {isa = PBXFileReference; fileEncoding = 4; lastKnownFileType = sourcecode.c.h; path = imageio.h; sourceTree = "<group>"; };
		85873B0C16EA39B300D13573 /* jbclass.h */ = {isa = PBXFileReference; fileEncoding = 4; lastKnownFileType = sourcecode.c.h; path = jbclass.h; sourceTree = "<group>"; };
		85873B0D16EA39B300D13573 /* leptwin.h */ = {isa = PBXFileReference; fileEncoding = 4; lastKnownFileType = sourcecode.c.h; path = leptwin.h; sourceTree = "<group>"; };
		85873B0E16EA39B300D13573 /* list.h */ = {isa = PBXFileReference; fileEncoding = 4; lastKnownFileType = sourcecode.c.h; path = list.h; sourceTree = "<group>"; };
		85873B0F16EA39B300D13573 /* morph.h */ = {isa = PBXFileReference; fileEncoding = 4; lastKnownFileType = sourcecode.c.h; path = morph.h; sourceTree = "<group>"; };
		85873B1016EA39B300D13573 /* pix.h */ = {isa = PBXFileReference; fileEncoding = 4; lastKnownFileType = sourcecode.c.h; path = pix.h; sourceTree = "<group>"; };
		85873B1116EA39B300D13573 /* ptra.h */ = {isa = PBXFileReference; fileEncoding = 4; lastKnownFileType = sourcecode.c.h; path = ptra.h; sourceTree = "<group>"; };
		85873B1216EA39B300D13573 /* queue.h */ = {isa = PBXFileReference; fileEncoding = 4; lastKnownFileType = sourcecode.c.h; path = queue.h; sourceTree = "<group>"; };
		85873B1316EA39B300D13573 /* readbarcode.h */ = {isa = PBXFileReference; fileEncoding = 4; lastKnownFileType = sourcecode.c.h; path = readbarcode.h; sourceTree = "<group>"; };
		85873B1416EA39B300D13573 /* regutils.h */ = {isa = PBXFileReference; fileEncoding = 4; lastKnownFileType = sourcecode.c.h; path = regutils.h; sourceTree = "<group>"; };
		85873B1516EA39B300D13573 /* stack.h */ = {isa = PBXFileReference; fileEncoding = 4; lastKnownFileType = sourcecode.c.h; path = stack.h; sourceTree = "<group>"; };
		85873B1616EA39B300D13573 /* sudoku.h */ = {isa = PBXFileReference; fileEncoding = 4; lastKnownFileType = sourcecode.c.h; path = sudoku.h; sourceTree = "<group>"; };
		85873B1716EA39B300D13573 /* watershed.h */ = {isa = PBXFileReference; fileEncoding = 4; lastKnownFileType = sourcecode.c.h; path = watershed.h; sourceTree = "<group>"; };
		85873B1916EA39B300D13573 /* ambigs.h */ = {isa = PBXFileReference; fileEncoding = 4; lastKnownFileType = sourcecode.c.h; path = ambigs.h; sourceTree = "<group>"; };
		85873B1A16EA39B300D13573 /* apitypes.h */ = {isa = PBXFileReference; fileEncoding = 4; lastKnownFileType = sourcecode.c.h; path = apitypes.h; sourceTree = "<group>"; };
		85873B1B16EA39B300D13573 /* baseapi.h */ = {isa = PBXFileReference; fileEncoding = 4; lastKnownFileType = sourcecode.c.h; path = baseapi.h; sourceTree = "<group>"; };
		85873B1C16EA39B300D13573 /* basedir.h */ = {isa = PBXFileReference; fileEncoding = 4; lastKnownFileType = sourcecode.c.h; path = basedir.h; sourceTree = "<group>"; };
		85873B1D16EA39B300D13573 /* bits16.h */ = {isa = PBXFileReference; fileEncoding = 4; lastKnownFileType = sourcecode.c.h; path = bits16.h; sourceTree = "<group>"; };
		85873B1E16EA39B300D13573 /* bitvector.h */ = {isa = PBXFileReference; fileEncoding = 4; lastKnownFileType = sourcecode.c.h; path = bitvector.h; sourceTree = "<group>"; };
		85873B1F16EA39B300D13573 /* ccutil.h */ = {isa = PBXFileReference; fileEncoding = 4; lastKnownFileType = sourcecode.c.h; path = ccutil.h; sourceTree = "<group>"; };
		85873B2016EA39B300D13573 /* clst.h */ = {isa = PBXFileReference; fileEncoding = 4; lastKnownFileType = sourcecode.c.h; path = clst.h; sourceTree = "<group>"; };
		85873B2116EA39B300D13573 /* control.h */ = {isa = PBXFileReference; fileEncoding = 4; lastKnownFileType = sourcecode.c.h; path = control.h; sourceTree = "<group>"; };
		85873B2216EA39B300D13573 /* cube_reco_context.h */ = {isa = PBXFileReference; fileEncoding = 4; lastKnownFileType = sourcecode.c.h; path = cube_reco_context.h; sourceTree = "<group>"; };
		85873B2316EA39B300D13573 /* cubeclassifier.h */ = {isa = PBXFileReference; fileEncoding = 4; lastKnownFileType = sourcecode.c.h; path = cubeclassifier.h; sourceTree = "<group>"; };
		85873B2416EA39B300D13573 /* docqual.h */ = {isa = PBXFileReference; fileEncoding = 4; lastKnownFileType = sourcecode.c.h; path = docqual.h; sourceTree = "<group>"; };
		85873B2516EA39B300D13573 /* elst.h */ = {isa = PBXFileReference; fileEncoding = 4; lastKnownFileType = sourcecode.c.h; path = elst.h; sourceTree = "<group>"; };
		85873B2616EA39B300D13573 /* elst2.h */ = {isa = PBXFileReference; fileEncoding = 4; lastKnownFileType = sourcecode.c.h; path = elst2.h; sourceTree = "<group>"; };
		85873B2716EA39B300D13573 /* equationdetect.h */ = {isa = PBXFileReference; fileEncoding = 4; lastKnownFileType = sourcecode.c.h; path = equationdetect.h; sourceTree = "<group>"; };
		85873B2816EA39B300D13573 /* errcode.h */ = {isa = PBXFileReference; fileEncoding = 4; lastKnownFileType = sourcecode.c.h; path = errcode.h; sourceTree = "<group>"; };
		85873B2916EA39B300D13573 /* fileerr.h */ = {isa = PBXFileReference; fileEncoding = 4; lastKnownFileType = sourcecode.c.h; path = fileerr.h; sourceTree = "<group>"; };
		85873B2A16EA39B300D13573 /* fixspace.h */ = {isa = PBXFileReference; fileEncoding = 4; lastKnownFileType = sourcecode.c.h; path = fixspace.h; sourceTree = "<group>"; };
		85873B2B16EA39B300D13573 /* genericvector.h */ = {isa = PBXFileReference; fileEncoding = 4; lastKnownFileType = sourcecode.c.h; path = genericvector.h; sourceTree = "<group>"; };
		85873B2C16EA39B300D13573 /* globaloc.h */ = {isa = PBXFileReference; fileEncoding = 4; lastKnownFileType = sourcecode.c.h; path = globaloc.h; sourceTree = "<group>"; };
		85873B2D16EA39B300D13573 /* hashfn.h */ = {isa = PBXFileReference; fileEncoding = 4; lastKnownFileType = sourcecode.c.h; path = hashfn.h; sourceTree = "<group>"; };
		85873B2E16EA39B300D13573 /* helpers.h */ = {isa = PBXFileReference; fileEncoding = 4; lastKnownFileType = sourcecode.c.h; path = helpers.h; sourceTree = "<group>"; };
		85873B2F16EA39B300D13573 /* host.h */ = {isa = PBXFileReference; fileEncoding = 4; lastKnownFileType = sourcecode.c.h; path = host.h; sourceTree = "<group>"; };
		85873B3016EA39B300D13573 /* hosthplb.h */ = {isa = PBXFileReference; fileEncoding = 4; lastKnownFileType = sourcecode.c.h; path = hosthplb.h; sourceTree = "<group>"; };
		85873B3116EA39B300D13573 /* imgscale.h */ = {isa = PBXFileReference; fileEncoding = 4; lastKnownFileType = sourcecode.c.h; path = imgscale.h; sourceTree = "<group>"; };
		85873B3216EA39B300D13573 /* indexmapbidi.h */ = {isa = PBXFileReference; fileEncoding = 4; lastKnownFileType = sourcecode.c.h; path = indexmapbidi.h; sourceTree = "<group>"; };
		85873B3316EA39B300D13573 /* lsterr.h */ = {isa = PBXFileReference; fileEncoding = 4; lastKnownFileType = sourcecode.c.h; path = lsterr.h; sourceTree = "<group>"; };
		85873B3416EA39B300D13573 /* ltrresultiterator.h */ = {isa = PBXFileReference; fileEncoding = 4; lastKnownFileType = sourcecode.c.h; path = ltrresultiterator.h; sourceTree = "<group>"; };
		85873B3516EA39B300D13573 /* memry.h */ = {isa = PBXFileReference; fileEncoding = 4; lastKnownFileType = sourcecode.c.h; path = memry.h; sourceTree = "<group>"; };
		85873B3616EA39B300D13573 /* mfcpch.h */ = {isa = PBXFileReference; fileEncoding = 4; lastKnownFileType = sourcecode.c.h; path = mfcpch.h; sourceTree = "<group>"; };
		85873B3716EA39B300D13573 /* mutableiterator.h */ = {isa = PBXFileReference; fileEncoding = 4; lastKnownFileType = sourcecode.c.h; path = mutableiterator.h; sourceTree = "<group>"; };
		85873B3816EA39B300D13573 /* ndminx.h */ = {isa = PBXFileReference; fileEncoding = 4; lastKnownFileType = sourcecode.c.h; path = ndminx.h; sourceTree = "<group>"; };
		85873B3916EA39B300D13573 /* notdll.h */ = {isa = PBXFileReference; fileEncoding = 4; lastKnownFileType = sourcecode.c.h; path = notdll.h; sourceTree = "<group>"; };
		85873B3A16EA39B300D13573 /* nwmain.h */ = {isa = PBXFileReference; fileEncoding = 4; lastKnownFileType = sourcecode.c.h; path = nwmain.h; sourceTree = "<group>"; };
		85873B3B16EA39B300D13573 /* ocrclass.h */ = {isa = PBXFileReference; fileEncoding = 4; lastKnownFileType = sourcecode.c.h; path = ocrclass.h; sourceTree = "<group>"; };
		85873B3C16EA39B300D13573 /* osdetect.h */ = {isa = PBXFileReference; fileEncoding = 4; lastKnownFileType = sourcecode.c.h; path = osdetect.h; sourceTree = "<group>"; };
		85873B3D16EA39B300D13573 /* output.h */ = {isa = PBXFileReference; fileEncoding = 4; lastKnownFileType = sourcecode.c.h; path = output.h; sourceTree = "<group>"; };
		85873B3E16EA39B300D13573 /* pageiterator.h */ = {isa = PBXFileReference; fileEncoding = 4; lastKnownFileType = sourcecode.c.h; path = pageiterator.h; sourceTree = "<group>"; };
		85873B3F16EA39B300D13573 /* paragraphs.h */ = {isa = PBXFileReference; fileEncoding = 4; lastKnownFileType = sourcecode.c.h; path = paragraphs.h; sourceTree = "<group>"; };
		85873B4016EA39B300D13573 /* paragraphs_internal.h */ = {isa = PBXFileReference; fileEncoding = 4; lastKnownFileType = sourcecode.c.h; path = paragraphs_internal.h; sourceTree = "<group>"; };
		85873B4116EA39B300D13573 /* params.h */ = {isa = PBXFileReference; fileEncoding = 4; lastKnownFileType = sourcecode.c.h; path = params.h; sourceTree = "<group>"; };
		85873B4216EA39B300D13573 /* paramsd.h */ = {isa = PBXFileReference; fileEncoding = 4; lastKnownFileType = sourcecode.c.h; path = paramsd.h; sourceTree = "<group>"; };
		85873B4316EA39B300D13573 /* pgedit.h */ = {isa = PBXFileReference; fileEncoding = 4; lastKnownFileType = sourcecode.c.h; path = pgedit.h; sourceTree = "<group>"; };
		85873B4416EA39B300D13573 /* platform.h */ = {isa = PBXFileReference; fileEncoding = 4; lastKnownFileType = sourcecode.c.h; path = platform.h; sourceTree = "<group>"; };
		85873B4516EA39B300D13573 /* publictypes.h */ = {isa = PBXFileReference; fileEncoding = 4; lastKnownFileType = sourcecode.c.h; path = publictypes.h; sourceTree = "<group>"; };
		85873B4616EA39B300D13573 /* qrsequence.h */ = {isa = PBXFileReference; fileEncoding = 4; lastKnownFileType = sourcecode.c.h; path = qrsequence.h; sourceTree = "<group>"; };
		85873B4716EA39B300D13573 /* reject.h */ = {isa = PBXFileReference; fileEncoding = 4; lastKnownFileType = sourcecode.c.h; path = reject.h; sourceTree = "<group>"; };
		85873B4816EA39B300D13573 /* resultiterator.h */ = {isa = PBXFileReference; fileEncoding = 4; lastKnownFileType = sourcecode.c.h; path = resultiterator.h; sourceTree = "<group>"; };
		85873B4916EA39B300D13573 /* scaleimg.h */ = {isa = PBXFileReference; fileEncoding = 4; lastKnownFileType = sourcecode.c.h; path = scaleimg.h; sourceTree = "<group>"; };
		85873B4A16EA39B300D13573 /* scanutils.h */ = {isa = PBXFileReference; fileEncoding = 4; lastKnownFileType = sourcecode.c.h; path = scanutils.h; sourceTree = "<group>"; };
		85873B4B16EA39B300D13573 /* secname.h */ = {isa = PBXFileReference; fileEncoding = 4; lastKnownFileType = sourcecode.c.h; path = secname.h; sourceTree = "<group>"; };
		85873B4C16EA39B300D13573 /* serialis.h */ = {isa = PBXFileReference; fileEncoding = 4; lastKnownFileType = sourcecode.c.h; path = serialis.h; sourceTree = "<group>"; };
		85873B4D16EA39B300D13573 /* sorthelper.h */ = {isa = PBXFileReference; fileEncoding = 4; lastKnownFileType = sourcecode.c.h; path = sorthelper.h; sourceTree = "<group>"; };
		85873B4E16EA39B300D13573 /* stderr.h */ = {isa = PBXFileReference; fileEncoding = 4; lastKnownFileType = sourcecode.c.h; path = stderr.h; sourceTree = "<group>"; };
		85873B4F16EA39B300D13573 /* strngs.h */ = {isa = PBXFileReference; fileEncoding = 4; lastKnownFileType = sourcecode.c.h; path = strngs.h; sourceTree = "<group>"; };
		85873B5016EA39B300D13573 /* tessbox.h */ = {isa = PBXFileReference; fileEncoding = 4; lastKnownFileType = sourcecode.c.h; path = tessbox.h; sourceTree = "<group>"; };
		85873B5116EA39B300D13573 /* tesscallback.h */ = {isa = PBXFileReference; fileEncoding = 4; lastKnownFileType = sourcecode.c.h; path = tesscallback.h; sourceTree = "<group>"; };
		85873B5216EA39B300D13573 /* tessdatamanager.h */ = {isa = PBXFileReference; fileEncoding = 4; lastKnownFileType = sourcecode.c.h; path = tessdatamanager.h; sourceTree = "<group>"; };
		85873B5316EA39B300D13573 /* tessedit.h */ = {isa = PBXFileReference; fileEncoding = 4; lastKnownFileType = sourcecode.c.h; path = tessedit.h; sourceTree = "<group>"; };
		85873B5416EA39B300D13573 /* tesseract_cube_combiner.h */ = {isa = PBXFileReference; fileEncoding = 4; lastKnownFileType = sourcecode.c.h; path = tesseract_cube_combiner.h; sourceTree = "<group>"; };
		85873B5516EA39B300D13573 /* tesseractclass.h */ = {isa = PBXFileReference; fileEncoding = 4; lastKnownFileType = sourcecode.c.h; path = tesseractclass.h; sourceTree = "<group>"; };
		85873B5616EA39B300D13573 /* tesseractmain.h */ = {isa = PBXFileReference; fileEncoding = 4; lastKnownFileType = sourcecode.c.h; path = tesseractmain.h; sourceTree = "<group>"; };
		85873B5716EA39B300D13573 /* tessvars.h */ = {isa = PBXFileReference; fileEncoding = 4; lastKnownFileType = sourcecode.c.h; path = tessvars.h; sourceTree = "<group>"; };
		85873B5816EA39B300D13573 /* tfacep.h */ = {isa = PBXFileReference; fileEncoding = 4; lastKnownFileType = sourcecode.c.h; path = tfacep.h; sourceTree = "<group>"; };
		85873B5916EA39B300D13573 /* tfacepp.h */ = {isa = PBXFileReference; fileEncoding = 4; lastKnownFileType = sourcecode.c.h; path = tfacepp.h; sourceTree = "<group>"; };
		85873B5A16EA39B300D13573 /* thresholder.h */ = {isa = PBXFileReference; fileEncoding = 4; lastKnownFileType = sourcecode.c.h; path = thresholder.h; sourceTree = "<group>"; };
		85873B5B16EA39B300D13573 /* tprintf.h */ = {isa = PBXFileReference; fileEncoding = 4; lastKnownFileType = sourcecode.c.h; path = tprintf.h; sourceTree = "<group>"; };
		85873B5C16EA39B300D13573 /* unichar.h */ = {isa = PBXFileReference; fileEncoding = 4; lastKnownFileType = sourcecode.c.h; path = unichar.h; sourceTree = "<group>"; };
		85873B5D16EA39B300D13573 /* unicharmap.h */ = {isa = PBXFileReference; fileEncoding = 4; lastKnownFileType = sourcecode.c.h; path = unicharmap.h; sourceTree = "<group>"; };
		85873B5E16EA39B300D13573 /* unicharset.h */ = {isa = PBXFileReference; fileEncoding = 4; lastKnownFileType = sourcecode.c.h; path = unicharset.h; sourceTree = "<group>"; };
		85873B5F16EA39B300D13573 /* unicity_table.h */ = {isa = PBXFileReference; fileEncoding = 4; lastKnownFileType = sourcecode.c.h; path = unicity_table.h; sourceTree = "<group>"; };
		85873B6016EA39B300D13573 /* unicodes.h */ = {isa = PBXFileReference; fileEncoding = 4; lastKnownFileType = sourcecode.c.h; path = unicodes.h; sourceTree = "<group>"; };
		85873B6116EA39B300D13573 /* werdit.h */ = {isa = PBXFileReference; fileEncoding = 4; lastKnownFileType = sourcecode.c.h; path = werdit.h; sourceTree = "<group>"; };
		85873B6316EA39B300D13573 /* liblept.a */ = {isa = PBXFileReference; lastKnownFileType = archive.ar; path = liblept.a; sourceTree = "<group>"; };
		85873B6416EA39B300D13573 /* libtesseract_all.a */ = {isa = PBXFileReference; lastKnownFileType = archive.ar; path = libtesseract_all.a; sourceTree = "<group>"; };
		85873B6516EA39B300D13573 /* README.md */ = {isa = PBXFileReference; fileEncoding = 4; lastKnownFileType = text; path = README.md; sourceTree = "<group>"; };
		85873B7416EA39C300D13573 /* tessdata */ = {isa = PBXFileReference; lastKnownFileType = folder; path = tessdata; sourceTree = "<group>"; };
		85873B7716EA39F100D13573 /* logo.png */ = {isa = PBXFileReference; lastKnownFileType = image.png; path = logo.png; sourceTree = "<group>"; };
		85EBDA6916E7C5C800674177 /* PictureManager.h */ = {isa = PBXFileReference; fileEncoding = 4; lastKnownFileType = sourcecode.c.h; path = PictureManager.h; sourceTree = "<group>"; };
		85EBDA6A16E7C5C800674177 /* PictureManager.m */ = {isa = PBXFileReference; fileEncoding = 4; lastKnownFileType = sourcecode.c.objc; path = PictureManager.m; sourceTree = "<group>"; };
		85EBDA6D16E7CA4100674177 /* AssetsLibrary.framework */ = {isa = PBXFileReference; lastKnownFileType = wrapper.framework; name = AssetsLibrary.framework; path = System/Library/Frameworks/AssetsLibrary.framework; sourceTree = SDKROOT; };
		B2E30A8B16B07CAA002C9E32 /* PhotoShells.singleView.app */ = {isa = PBXFileReference; explicitFileType = wrapper.application; includeInIndex = 0; path = PhotoShells.singleView.app; sourceTree = BUILT_PRODUCTS_DIR; };
		B2E30A8F16B07CAA002C9E32 /* UIKit.framework */ = {isa = PBXFileReference; lastKnownFileType = wrapper.framework; name = UIKit.framework; path = System/Library/Frameworks/UIKit.framework; sourceTree = SDKROOT; };
		B2E30A9116B07CAA002C9E32 /* Foundation.framework */ = {isa = PBXFileReference; lastKnownFileType = wrapper.framework; name = Foundation.framework; path = System/Library/Frameworks/Foundation.framework; sourceTree = SDKROOT; };
		B2E30A9316B07CAA002C9E32 /* CoreGraphics.framework */ = {isa = PBXFileReference; lastKnownFileType = wrapper.framework; name = CoreGraphics.framework; path = System/Library/Frameworks/CoreGraphics.framework; sourceTree = SDKROOT; };
		B2E30A9716B07CAA002C9E32 /* PhotoShells.singleView-Info.plist */ = {isa = PBXFileReference; lastKnownFileType = text.plist.xml; path = "PhotoShells.singleView-Info.plist"; sourceTree = "<group>"; };
		B2E30A9916B07CAA002C9E32 /* en */ = {isa = PBXFileReference; lastKnownFileType = text.plist.strings; name = en; path = en.lproj/InfoPlist.strings; sourceTree = "<group>"; };
		B2E30A9B16B07CAA002C9E32 /* main.m */ = {isa = PBXFileReference; lastKnownFileType = sourcecode.c.objc; path = main.m; sourceTree = "<group>"; };
		B2E30A9D16B07CAA002C9E32 /* PhotoShells.singleView-Prefix.pch */ = {isa = PBXFileReference; lastKnownFileType = sourcecode.c.h; path = "PhotoShells.singleView-Prefix.pch"; sourceTree = "<group>"; };
		B2E30A9E16B07CAA002C9E32 /* AppDelegate.h */ = {isa = PBXFileReference; lastKnownFileType = sourcecode.c.h; path = AppDelegate.h; sourceTree = "<group>"; };
		B2E30A9F16B07CAA002C9E32 /* AppDelegate.m */ = {isa = PBXFileReference; lastKnownFileType = sourcecode.c.objc; path = AppDelegate.m; sourceTree = "<group>"; };
		B2E30AA116B07CAA002C9E32 /* Default.png */ = {isa = PBXFileReference; lastKnownFileType = image.png; path = Default.png; sourceTree = "<group>"; };
		B2E30AA316B07CAA002C9E32 /* Default@2x.png */ = {isa = PBXFileReference; lastKnownFileType = image.png; path = "Default@2x.png"; sourceTree = "<group>"; };
		B2E30AA516B07CAA002C9E32 /* Default-568h@2x.png */ = {isa = PBXFileReference; lastKnownFileType = image.png; path = "Default-568h@2x.png"; sourceTree = "<group>"; };
		B2E30AA816B07CAA002C9E32 /* en */ = {isa = PBXFileReference; lastKnownFileType = file.storyboard; name = en; path = en.lproj/MainStoryboard.storyboard; sourceTree = "<group>"; };
		B2E30AAA16B07CAA002C9E32 /* ViewController.h */ = {isa = PBXFileReference; lastKnownFileType = sourcecode.c.h; path = ViewController.h; sourceTree = "<group>"; };
		B2E30AAB16B07CAA002C9E32 /* ViewController.m */ = {isa = PBXFileReference; lastKnownFileType = sourcecode.c.objc; path = ViewController.m; sourceTree = "<group>"; };
		B2E30AB216B07CAA002C9E32 /* PhotoShells.singleViewTests.octest */ = {isa = PBXFileReference; explicitFileType = wrapper.cfbundle; includeInIndex = 0; path = PhotoShells.singleViewTests.octest; sourceTree = BUILT_PRODUCTS_DIR; };
		B2E30AB316B07CAA002C9E32 /* SenTestingKit.framework */ = {isa = PBXFileReference; lastKnownFileType = wrapper.framework; name = SenTestingKit.framework; path = Library/Frameworks/SenTestingKit.framework; sourceTree = DEVELOPER_DIR; };
		B2E30ABB16B07CAA002C9E32 /* PhotoShells.singleViewTests-Info.plist */ = {isa = PBXFileReference; lastKnownFileType = text.plist.xml; path = "PhotoShells.singleViewTests-Info.plist"; sourceTree = "<group>"; };
		B2E30ABD16B07CAA002C9E32 /* en */ = {isa = PBXFileReference; lastKnownFileType = text.plist.strings; name = en; path = en.lproj/InfoPlist.strings; sourceTree = "<group>"; };
		B2E30ABF16B07CAA002C9E32 /* PhotoShells_singleViewTests.h */ = {isa = PBXFileReference; lastKnownFileType = sourcecode.c.h; path = PhotoShells_singleViewTests.h; sourceTree = "<group>"; };
		B2E30AC016B07CAA002C9E32 /* PhotoShells_singleViewTests.m */ = {isa = PBXFileReference; lastKnownFileType = sourcecode.c.objc; path = PhotoShells_singleViewTests.m; sourceTree = "<group>"; };
		B2E30ACA16B07D71002C9E32 /* logo.png */ = {isa = PBXFileReference; lastKnownFileType = image.png; name = logo.png; path = /Users/nishrin/Documents/BMEN/Code/PhotoShells/logo.png; sourceTree = "<absolute>"; };
/* End PBXFileReference section */

/* Begin PBXFrameworksBuildPhase section */
		B2E30A8816B07CAA002C9E32 /* Frameworks */ = {
			isa = PBXFrameworksBuildPhase;
			buildActionMask = 2147483647;
			files = (
				85EBDA6E16E7CA4100674177 /* AssetsLibrary.framework in Frameworks */,
				B2E30A9016B07CAA002C9E32 /* UIKit.framework in Frameworks */,
				B2E30A9216B07CAA002C9E32 /* Foundation.framework in Frameworks */,
				B2E30A9416B07CAA002C9E32 /* CoreGraphics.framework in Frameworks */,
				85873B6E16EA39B300D13573 /* liblept.a in Frameworks */,
				85873B7016EA39B300D13573 /* libtesseract_all.a in Frameworks */,
			);
			runOnlyForDeploymentPostprocessing = 0;
		};
		B2E30AAE16B07CAA002C9E32 /* Frameworks */ = {
			isa = PBXFrameworksBuildPhase;
			buildActionMask = 2147483647;
			files = (
				B2E30AB416B07CAA002C9E32 /* SenTestingKit.framework in Frameworks */,
				B2E30AB516B07CAA002C9E32 /* UIKit.framework in Frameworks */,
				B2E30AB616B07CAA002C9E32 /* Foundation.framework in Frameworks */,
				85873B6F16EA39B300D13573 /* liblept.a in Frameworks */,
				85873B7116EA39B300D13573 /* libtesseract_all.a in Frameworks */,
			);
			runOnlyForDeploymentPostprocessing = 0;
		};
/* End PBXFrameworksBuildPhase section */

/* Begin PBXGroup section */
		85873AF316EA39B300D13573 /* tesseract-ios */ = {
			isa = PBXGroup;
			children = (
				85873AF416EA39B300D13573 /* Classes */,
				85873AF716EA39B300D13573 /* LICENSE */,
				85873AF816EA39B300D13573 /* README.md */,
			);
			path = "tesseract-ios";
			sourceTree = "<group>";
		};
		85873AF416EA39B300D13573 /* Classes */ = {
			isa = PBXGroup;
			children = (
				85873AF516EA39B300D13573 /* Tesseract.h */,
				85873AF616EA39B300D13573 /* Tesseract.mm */,
			);
			path = Classes;
			sourceTree = "<group>";
		};
		85873AF916EA39B300D13573 /* tesseract-ios-lib */ = {
			isa = PBXGroup;
			children = (
				85873AFA16EA39B300D13573 /* .gitignore */,
				85873AFB16EA39B300D13573 /* include */,
				85873B6216EA39B300D13573 /* lib */,
				85873B6516EA39B300D13573 /* README.md */,
			);
			path = "tesseract-ios-lib";
			sourceTree = "<group>";
		};
		85873AFB16EA39B300D13573 /* include */ = {
			isa = PBXGroup;
			children = (
				85873AFC16EA39B300D13573 /* leptonica */,
				85873B1816EA39B300D13573 /* tesseract */,
			);
			path = include;
			sourceTree = "<group>";
		};
		85873AFC16EA39B300D13573 /* leptonica */ = {
			isa = PBXGroup;
			children = (
				85873AFD16EA39B300D13573 /* allheaders.h */,
				85873AFE16EA39B300D13573 /* alltypes.h */,
				85873AFF16EA39B300D13573 /* array.h */,
				85873B0016EA39B300D13573 /* arrayaccess.h */,
				85873B0116EA39B300D13573 /* bbuffer.h */,
				85873B0216EA39B300D13573 /* bmf.h */,
				85873B0316EA39B300D13573 /* bmp.h */,
				85873B0416EA39B300D13573 /* ccbord.h */,
				85873B0516EA39B300D13573 /* dewarp.h */,
				85873B0616EA39B300D13573 /* endianness.h */,
				85873B0716EA39B300D13573 /* environ.h */,
				85873B0816EA39B300D13573 /* freetype.h */,
				85873B0916EA39B300D13573 /* gplot.h */,
				85873B0A16EA39B300D13573 /* heap.h */,
				85873B0B16EA39B300D13573 /* imageio.h */,
				85873B0C16EA39B300D13573 /* jbclass.h */,
				85873B0D16EA39B300D13573 /* leptwin.h */,
				85873B0E16EA39B300D13573 /* list.h */,
				85873B0F16EA39B300D13573 /* morph.h */,
				85873B1016EA39B300D13573 /* pix.h */,
				85873B1116EA39B300D13573 /* ptra.h */,
				85873B1216EA39B300D13573 /* queue.h */,
				85873B1316EA39B300D13573 /* readbarcode.h */,
				85873B1416EA39B300D13573 /* regutils.h */,
				85873B1516EA39B300D13573 /* stack.h */,
				85873B1616EA39B300D13573 /* sudoku.h */,
				85873B1716EA39B300D13573 /* watershed.h */,
			);
			path = leptonica;
			sourceTree = "<group>";
		};
		85873B1816EA39B300D13573 /* tesseract */ = {
			isa = PBXGroup;
			children = (
				85873B1916EA39B300D13573 /* ambigs.h */,
				85873B1A16EA39B300D13573 /* apitypes.h */,
				85873B1B16EA39B300D13573 /* baseapi.h */,
				85873B1C16EA39B300D13573 /* basedir.h */,
				85873B1D16EA39B300D13573 /* bits16.h */,
				85873B1E16EA39B300D13573 /* bitvector.h */,
				85873B1F16EA39B300D13573 /* ccutil.h */,
				85873B2016EA39B300D13573 /* clst.h */,
				85873B2116EA39B300D13573 /* control.h */,
				85873B2216EA39B300D13573 /* cube_reco_context.h */,
				85873B2316EA39B300D13573 /* cubeclassifier.h */,
				85873B2416EA39B300D13573 /* docqual.h */,
				85873B2516EA39B300D13573 /* elst.h */,
				85873B2616EA39B300D13573 /* elst2.h */,
				85873B2716EA39B300D13573 /* equationdetect.h */,
				85873B2816EA39B300D13573 /* errcode.h */,
				85873B2916EA39B300D13573 /* fileerr.h */,
				85873B2A16EA39B300D13573 /* fixspace.h */,
				85873B2B16EA39B300D13573 /* genericvector.h */,
				85873B2C16EA39B300D13573 /* globaloc.h */,
				85873B2D16EA39B300D13573 /* hashfn.h */,
				85873B2E16EA39B300D13573 /* helpers.h */,
				85873B2F16EA39B300D13573 /* host.h */,
				85873B3016EA39B300D13573 /* hosthplb.h */,
				85873B3116EA39B300D13573 /* imgscale.h */,
				85873B3216EA39B300D13573 /* indexmapbidi.h */,
				85873B3316EA39B300D13573 /* lsterr.h */,
				85873B3416EA39B300D13573 /* ltrresultiterator.h */,
				85873B3516EA39B300D13573 /* memry.h */,
				85873B3616EA39B300D13573 /* mfcpch.h */,
				85873B3716EA39B300D13573 /* mutableiterator.h */,
				85873B3816EA39B300D13573 /* ndminx.h */,
				85873B3916EA39B300D13573 /* notdll.h */,
				85873B3A16EA39B300D13573 /* nwmain.h */,
				85873B3B16EA39B300D13573 /* ocrclass.h */,
				85873B3C16EA39B300D13573 /* osdetect.h */,
				85873B3D16EA39B300D13573 /* output.h */,
				85873B3E16EA39B300D13573 /* pageiterator.h */,
				85873B3F16EA39B300D13573 /* paragraphs.h */,
				85873B4016EA39B300D13573 /* paragraphs_internal.h */,
				85873B4116EA39B300D13573 /* params.h */,
				85873B4216EA39B300D13573 /* paramsd.h */,
				85873B4316EA39B300D13573 /* pgedit.h */,
				85873B4416EA39B300D13573 /* platform.h */,
				85873B4516EA39B300D13573 /* publictypes.h */,
				85873B4616EA39B300D13573 /* qrsequence.h */,
				85873B4716EA39B300D13573 /* reject.h */,
				85873B4816EA39B300D13573 /* resultiterator.h */,
				85873B4916EA39B300D13573 /* scaleimg.h */,
				85873B4A16EA39B300D13573 /* scanutils.h */,
				85873B4B16EA39B300D13573 /* secname.h */,
				85873B4C16EA39B300D13573 /* serialis.h */,
				85873B4D16EA39B300D13573 /* sorthelper.h */,
				85873B4E16EA39B300D13573 /* stderr.h */,
				85873B4F16EA39B300D13573 /* strngs.h */,
				85873B5016EA39B300D13573 /* tessbox.h */,
				85873B5116EA39B300D13573 /* tesscallback.h */,
				85873B5216EA39B300D13573 /* tessdatamanager.h */,
				85873B5316EA39B300D13573 /* tessedit.h */,
				85873B5416EA39B300D13573 /* tesseract_cube_combiner.h */,
				85873B5516EA39B300D13573 /* tesseractclass.h */,
				85873B5616EA39B300D13573 /* tesseractmain.h */,
				85873B5716EA39B300D13573 /* tessvars.h */,
				85873B5816EA39B300D13573 /* tfacep.h */,
				85873B5916EA39B300D13573 /* tfacepp.h */,
				85873B5A16EA39B300D13573 /* thresholder.h */,
				85873B5B16EA39B300D13573 /* tprintf.h */,
				85873B5C16EA39B300D13573 /* unichar.h */,
				85873B5D16EA39B300D13573 /* unicharmap.h */,
				85873B5E16EA39B300D13573 /* unicharset.h */,
				85873B5F16EA39B300D13573 /* unicity_table.h */,
				85873B6016EA39B300D13573 /* unicodes.h */,
				85873B6116EA39B300D13573 /* werdit.h */,
			);
			path = tesseract;
			sourceTree = "<group>";
		};
		85873B6216EA39B300D13573 /* lib */ = {
			isa = PBXGroup;
			children = (
				85873B6316EA39B300D13573 /* liblept.a */,
				85873B6416EA39B300D13573 /* libtesseract_all.a */,
			);
			path = lib;
			sourceTree = "<group>";
		};
		B2E30A8016B07CAA002C9E32 = {
			isa = PBXGroup;
			children = (
				B2E30A9516B07CAA002C9E32 /* PhotoShells.singleView */,
				B2E30AB916B07CAA002C9E32 /* PhotoShells.singleViewTests */,
				B2E30A8E16B07CAA002C9E32 /* Frameworks */,
				B2E30A8C16B07CAA002C9E32 /* Products */,
			);
			sourceTree = "<group>";
		};
		B2E30A8C16B07CAA002C9E32 /* Products */ = {
			isa = PBXGroup;
			children = (
				B2E30A8B16B07CAA002C9E32 /* PhotoShells.singleView.app */,
				B2E30AB216B07CAA002C9E32 /* PhotoShells.singleViewTests.octest */,
			);
			name = Products;
			sourceTree = "<group>";
		};
		B2E30A8E16B07CAA002C9E32 /* Frameworks */ = {
			isa = PBXGroup;
			children = (
				85EBDA6D16E7CA4100674177 /* AssetsLibrary.framework */,
				B2E30A8F16B07CAA002C9E32 /* UIKit.framework */,
				B2E30A9116B07CAA002C9E32 /* Foundation.framework */,
				B2E30A9316B07CAA002C9E32 /* CoreGraphics.framework */,
				B2E30AB316B07CAA002C9E32 /* SenTestingKit.framework */,
			);
			name = Frameworks;
			sourceTree = "<group>";
		};
		B2E30A9516B07CAA002C9E32 /* PhotoShells.singleView */ = {
			isa = PBXGroup;
			children = (
				85873B7716EA39F100D13573 /* logo.png */,
				85873B7416EA39C300D13573 /* tessdata */,
				85873AF316EA39B300D13573 /* tesseract-ios */,
				85873AF916EA39B300D13573 /* tesseract-ios-lib */,
				B2E30A9E16B07CAA002C9E32 /* AppDelegate.h */,
				B2E30A9F16B07CAA002C9E32 /* AppDelegate.m */,
				8542CDCB16E9BD920013701E /* OCR.h */,
				8542CDCC16E9BD920013701E /* OCR.m */,
				B2E30AA716B07CAA002C9E32 /* MainStoryboard.storyboard */,
				B2E30AAA16B07CAA002C9E32 /* ViewController.h */,
				B2E30AAB16B07CAA002C9E32 /* ViewController.m */,
				85EBDA6916E7C5C800674177 /* PictureManager.h */,
				85EBDA6A16E7C5C800674177 /* PictureManager.m */,
				B2E30A9616B07CAA002C9E32 /* Supporting Files */,
			);
			path = PhotoShells.singleView;
			sourceTree = "<group>";
		};
		B2E30A9616B07CAA002C9E32 /* Supporting Files */ = {
			isa = PBXGroup;
			children = (
				B2E30ACA16B07D71002C9E32 /* logo.png */,
				B2E30A9716B07CAA002C9E32 /* PhotoShells.singleView-Info.plist */,
				B2E30A9816B07CAA002C9E32 /* InfoPlist.strings */,
				B2E30A9B16B07CAA002C9E32 /* main.m */,
				B2E30A9D16B07CAA002C9E32 /* PhotoShells.singleView-Prefix.pch */,
				B2E30AA116B07CAA002C9E32 /* Default.png */,
				B2E30AA316B07CAA002C9E32 /* Default@2x.png */,
				B2E30AA516B07CAA002C9E32 /* Default-568h@2x.png */,
			);
			name = "Supporting Files";
			sourceTree = "<group>";
		};
		B2E30AB916B07CAA002C9E32 /* PhotoShells.singleViewTests */ = {
			isa = PBXGroup;
			children = (
				B2E30ABF16B07CAA002C9E32 /* PhotoShells_singleViewTests.h */,
				B2E30AC016B07CAA002C9E32 /* PhotoShells_singleViewTests.m */,
				B2E30ABA16B07CAA002C9E32 /* Supporting Files */,
			);
			path = PhotoShells.singleViewTests;
			sourceTree = "<group>";
		};
		B2E30ABA16B07CAA002C9E32 /* Supporting Files */ = {
			isa = PBXGroup;
			children = (
				B2E30ABB16B07CAA002C9E32 /* PhotoShells.singleViewTests-Info.plist */,
				B2E30ABC16B07CAA002C9E32 /* InfoPlist.strings */,
			);
			name = "Supporting Files";
			sourceTree = "<group>";
		};
/* End PBXGroup section */

/* Begin PBXNativeTarget section */
		B2E30A8A16B07CAA002C9E32 /* PhotoShells.singleView */ = {
			isa = PBXNativeTarget;
			buildConfigurationList = B2E30AC416B07CAA002C9E32 /* Build configuration list for PBXNativeTarget "PhotoShells.singleView" */;
			buildPhases = (
				B2E30A8716B07CAA002C9E32 /* Sources */,
				B2E30A8816B07CAA002C9E32 /* Frameworks */,
				B2E30A8916B07CAA002C9E32 /* Resources */,
			);
			buildRules = (
			);
			dependencies = (
			);
			name = PhotoShells.singleView;
			productName = PhotoShells.singleView;
			productReference = B2E30A8B16B07CAA002C9E32 /* PhotoShells.singleView.app */;
			productType = "com.apple.product-type.application";
		};
		B2E30AB116B07CAA002C9E32 /* PhotoShells.singleViewTests */ = {
			isa = PBXNativeTarget;
			buildConfigurationList = B2E30AC716B07CAA002C9E32 /* Build configuration list for PBXNativeTarget "PhotoShells.singleViewTests" */;
			buildPhases = (
				B2E30AAD16B07CAA002C9E32 /* Sources */,
				B2E30AAE16B07CAA002C9E32 /* Frameworks */,
				B2E30AAF16B07CAA002C9E32 /* Resources */,
				B2E30AB016B07CAA002C9E32 /* ShellScript */,
			);
			buildRules = (
			);
			dependencies = (
				B2E30AB816B07CAA002C9E32 /* PBXTargetDependency */,
			);
			name = PhotoShells.singleViewTests;
			productName = PhotoShells.singleViewTests;
			productReference = B2E30AB216B07CAA002C9E32 /* PhotoShells.singleViewTests.octest */;
			productType = "com.apple.product-type.bundle";
		};
/* End PBXNativeTarget section */

/* Begin PBXProject section */
		B2E30A8216B07CAA002C9E32 /* Project object */ = {
			isa = PBXProject;
			attributes = {
				LastUpgradeCheck = 0450;
				ORGANIZATIONNAME = "Vrinda Vaish";
			};
			buildConfigurationList = B2E30A8516B07CAA002C9E32 /* Build configuration list for PBXProject "PhotoShells.singleView" */;
			compatibilityVersion = "Xcode 3.2";
			developmentRegion = English;
			hasScannedForEncodings = 0;
			knownRegions = (
				en,
			);
			mainGroup = B2E30A8016B07CAA002C9E32;
			productRefGroup = B2E30A8C16B07CAA002C9E32 /* Products */;
			projectDirPath = "";
			projectRoot = "";
			targets = (
				B2E30A8A16B07CAA002C9E32 /* PhotoShells.singleView */,
				B2E30AB116B07CAA002C9E32 /* PhotoShells.singleViewTests */,
			);
		};
/* End PBXProject section */

/* Begin PBXResourcesBuildPhase section */
		B2E30A8916B07CAA002C9E32 /* Resources */ = {
			isa = PBXResourcesBuildPhase;
			buildActionMask = 2147483647;
			files = (
				B2E30A9A16B07CAA002C9E32 /* InfoPlist.strings in Resources */,
				B2E30AA216B07CAA002C9E32 /* Default.png in Resources */,
				B2E30AA416B07CAA002C9E32 /* Default@2x.png in Resources */,
				B2E30AA616B07CAA002C9E32 /* Default-568h@2x.png in Resources */,
				B2E30AA916B07CAA002C9E32 /* MainStoryboard.storyboard in Resources */,
				85873B6816EA39B300D13573 /* LICENSE in Resources */,
				85873B6A16EA39B300D13573 /* README.md in Resources */,
				85873B6C16EA39B300D13573 /* .gitignore in Resources */,
				85873B7216EA39B300D13573 /* README.md in Resources */,
				85873B7516EA39C300D13573 /* tessdata in Resources */,
				85873B7816EA39F100D13573 /* logo.png in Resources */,
			);
			runOnlyForDeploymentPostprocessing = 0;
		};
		B2E30AAF16B07CAA002C9E32 /* Resources */ = {
			isa = PBXResourcesBuildPhase;
			buildActionMask = 2147483647;
			files = (
				B2E30ABE16B07CAA002C9E32 /* InfoPlist.strings in Resources */,
				85873B6916EA39B300D13573 /* LICENSE in Resources */,
				85873B6B16EA39B300D13573 /* README.md in Resources */,
				85873B6D16EA39B300D13573 /* .gitignore in Resources */,
				85873B7316EA39B300D13573 /* README.md in Resources */,
				85873B7616EA39C300D13573 /* tessdata in Resources */,
				85873B7916EA39F100D13573 /* logo.png in Resources */,
			);
			runOnlyForDeploymentPostprocessing = 0;
		};
/* End PBXResourcesBuildPhase section */

/* Begin PBXShellScriptBuildPhase section */
		B2E30AB016B07CAA002C9E32 /* ShellScript */ = {
			isa = PBXShellScriptBuildPhase;
			buildActionMask = 2147483647;
			files = (
			);
			inputPaths = (
			);
			outputPaths = (
			);
			runOnlyForDeploymentPostprocessing = 0;
			shellPath = /bin/sh;
			shellScript = "# Run the unit tests in this test bundle.\n\"${SYSTEM_DEVELOPER_DIR}/Tools/RunUnitTests\"\n";
		};
/* End PBXShellScriptBuildPhase section */

/* Begin PBXSourcesBuildPhase section */
		B2E30A8716B07CAA002C9E32 /* Sources */ = {
			isa = PBXSourcesBuildPhase;
			buildActionMask = 2147483647;
			files = (
				B2E30A9C16B07CAA002C9E32 /* main.m in Sources */,
				B2E30AA016B07CAA002C9E32 /* AppDelegate.m in Sources */,
				B2E30AAC16B07CAA002C9E32 /* ViewController.m in Sources */,
				85EBDA6B16E7C5C800674177 /* PictureManager.m in Sources */,
				8542CDCD16E9BD920013701E /* OCR.m in Sources */,
				85873B6616EA39B300D13573 /* Tesseract.mm in Sources */,
			);
			runOnlyForDeploymentPostprocessing = 0;
		};
		B2E30AAD16B07CAA002C9E32 /* Sources */ = {
			isa = PBXSourcesBuildPhase;
			buildActionMask = 2147483647;
			files = (
				B2E30AC116B07CAA002C9E32 /* PhotoShells_singleViewTests.m in Sources */,
				8542CDCE16E9BD920013701E /* OCR.m in Sources */,
				85873B6716EA39B300D13573 /* Tesseract.mm in Sources */,
			);
			runOnlyForDeploymentPostprocessing = 0;
		};
/* End PBXSourcesBuildPhase section */

/* Begin PBXTargetDependency section */
		B2E30AB816B07CAA002C9E32 /* PBXTargetDependency */ = {
			isa = PBXTargetDependency;
			target = B2E30A8A16B07CAA002C9E32 /* PhotoShells.singleView */;
			targetProxy = B2E30AB716B07CAA002C9E32 /* PBXContainerItemProxy */;
		};
/* End PBXTargetDependency section */

/* Begin PBXVariantGroup section */
		B2E30A9816B07CAA002C9E32 /* InfoPlist.strings */ = {
			isa = PBXVariantGroup;
			children = (
				B2E30A9916B07CAA002C9E32 /* en */,
			);
			name = InfoPlist.strings;
			sourceTree = "<group>";
		};
		B2E30AA716B07CAA002C9E32 /* MainStoryboard.storyboard */ = {
			isa = PBXVariantGroup;
			children = (
				B2E30AA816B07CAA002C9E32 /* en */,
			);
			name = MainStoryboard.storyboard;
			sourceTree = "<group>";
		};
		B2E30ABC16B07CAA002C9E32 /* InfoPlist.strings */ = {
			isa = PBXVariantGroup;
			children = (
				B2E30ABD16B07CAA002C9E32 /* en */,
			);
			name = InfoPlist.strings;
			sourceTree = "<group>";
		};
/* End PBXVariantGroup section */

/* Begin XCBuildConfiguration section */
		B2E30AC216B07CAA002C9E32 /* Debug */ = {
			isa = XCBuildConfiguration;
			buildSettings = {
				ALWAYS_SEARCH_USER_PATHS = NO;
				CLANG_CXX_LANGUAGE_STANDARD = "gnu++0x";
				CLANG_CXX_LIBRARY = "libc++";
				CLANG_ENABLE_OBJC_ARC = YES;
				CLANG_WARN_EMPTY_BODY = YES;
				CLANG_WARN__DUPLICATE_METHOD_MATCH = YES;
				"CODE_SIGN_IDENTITY[sdk=iphoneos*]" = "iPhone Developer";
				COPY_PHASE_STRIP = NO;
				GCC_C_LANGUAGE_STANDARD = gnu99;
				GCC_DYNAMIC_NO_PIC = NO;
				GCC_OPTIMIZATION_LEVEL = 0;
				GCC_PREPROCESSOR_DEFINITIONS = (
					"DEBUG=1",
					"$(inherited)",
				);
				GCC_SYMBOLS_PRIVATE_EXTERN = NO;
				GCC_WARN_ABOUT_RETURN_TYPE = YES;
				GCC_WARN_UNINITIALIZED_AUTOS = YES;
				GCC_WARN_UNUSED_VARIABLE = YES;
				IPHONEOS_DEPLOYMENT_TARGET = 6.0;
				ONLY_ACTIVE_ARCH = YES;
				SDKROOT = iphoneos;
			};
			name = Debug;
		};
		B2E30AC316B07CAA002C9E32 /* Release */ = {
			isa = XCBuildConfiguration;
			buildSettings = {
				ALWAYS_SEARCH_USER_PATHS = NO;
				CLANG_CXX_LANGUAGE_STANDARD = "gnu++0x";
				CLANG_CXX_LIBRARY = "libc++";
				CLANG_ENABLE_OBJC_ARC = YES;
				CLANG_WARN_EMPTY_BODY = YES;
				CLANG_WARN__DUPLICATE_METHOD_MATCH = YES;
				"CODE_SIGN_IDENTITY[sdk=iphoneos*]" = "iPhone Developer";
				COPY_PHASE_STRIP = YES;
				GCC_C_LANGUAGE_STANDARD = gnu99;
				GCC_WARN_ABOUT_RETURN_TYPE = YES;
				GCC_WARN_UNINITIALIZED_AUTOS = YES;
				GCC_WARN_UNUSED_VARIABLE = YES;
				IPHONEOS_DEPLOYMENT_TARGET = 6.0;
				OTHER_CFLAGS = "-DNS_BLOCK_ASSERTIONS=1";
				SDKROOT = iphoneos;
				VALIDATE_PRODUCT = YES;
			};
			name = Release;
		};
		B2E30AC516B07CAA002C9E32 /* Debug */ = {
			isa = XCBuildConfiguration;
			buildSettings = {
				CLANG_CXX_LIBRARY = "compiler-default";
				CLANG_WARN_OBJCPP_ARC_ABI = NO;
				GCC_PRECOMPILE_PREFIX_HEADER = YES;
				GCC_PREFIX_HEADER = "PhotoShells.singleView/PhotoShells.singleView-Prefix.pch";
				INFOPLIST_FILE = "PhotoShells.singleView/PhotoShells.singleView-Info.plist";
				LIBRARY_SEARCH_PATHS = (
					"$(inherited)",
					"\"$(SRCROOT)/PhotoShells.singleView/tesseract-ios-lib/lib\"",
				);
				PRODUCT_NAME = "$(TARGET_NAME)";
				WRAPPER_EXTENSION = app;
			};
			name = Debug;
		};
		B2E30AC616B07CAA002C9E32 /* Release */ = {
			isa = XCBuildConfiguration;
			buildSettings = {
				CLANG_CXX_LIBRARY = "compiler-default";
				CLANG_WARN_OBJCPP_ARC_ABI = NO;
				GCC_PRECOMPILE_PREFIX_HEADER = YES;
				GCC_PREFIX_HEADER = "PhotoShells.singleView/PhotoShells.singleView-Prefix.pch";
				INFOPLIST_FILE = "PhotoShells.singleView/PhotoShells.singleView-Info.plist";
				LIBRARY_SEARCH_PATHS = (
					"$(inherited)",
					"\"$(SRCROOT)/PhotoShells.singleView/tesseract-ios-lib/lib\"",
				);
				PRODUCT_NAME = "$(TARGET_NAME)";
				WRAPPER_EXTENSION = app;
			};
			name = Release;
		};
		B2E30AC816B07CAA002C9E32 /* Debug */ = {
			isa = XCBuildConfiguration;
			buildSettings = {
				BUNDLE_LOADER = "$(BUILT_PRODUCTS_DIR)/PhotoShells.singleView.app/PhotoShells.singleView";
				FRAMEWORK_SEARCH_PATHS = (
					"\"$(SDKROOT)/Developer/Library/Frameworks\"",
					"\"$(DEVELOPER_LIBRARY_DIR)/Frameworks\"",
				);
				GCC_PRECOMPILE_PREFIX_HEADER = YES;
				GCC_PREFIX_HEADER = "PhotoShells.singleView/PhotoShells.singleView-Prefix.pch";
				INFOPLIST_FILE = "PhotoShells.singleViewTests/PhotoShells.singleViewTests-Info.plist";
				LIBRARY_SEARCH_PATHS = (
					"$(inherited)",
					"\"$(SRCROOT)/PhotoShells.singleView/tesseract-ios-lib/lib\"",
				);
				PRODUCT_NAME = "$(TARGET_NAME)";
				TEST_HOST = "$(BUNDLE_LOADER)";
				WRAPPER_EXTENSION = octest;
			};
			name = Debug;
		};
		B2E30AC916B07CAA002C9E32 /* Release */ = {
			isa = XCBuildConfiguration;
			buildSettings = {
				BUNDLE_LOADER = "$(BUILT_PRODUCTS_DIR)/PhotoShells.singleView.app/PhotoShells.singleView";
				FRAMEWORK_SEARCH_PATHS = (
					"\"$(SDKROOT)/Developer/Library/Frameworks\"",
					"\"$(DEVELOPER_LIBRARY_DIR)/Frameworks\"",
				);
				GCC_PRECOMPILE_PREFIX_HEADER = YES;
				GCC_PREFIX_HEADER = "PhotoShells.singleView/PhotoShells.singleView-Prefix.pch";
				INFOPLIST_FILE = "PhotoShells.singleViewTests/PhotoShells.singleViewTests-Info.plist";
				LIBRARY_SEARCH_PATHS = (
					"$(inherited)",
					"\"$(SRCROOT)/PhotoShells.singleView/tesseract-ios-lib/lib\"",
				);
				PRODUCT_NAME = "$(TARGET_NAME)";
				TEST_HOST = "$(BUNDLE_LOADER)";
				WRAPPER_EXTENSION = octest;
			};
			name = Release;
		};
/* End XCBuildConfiguration section */

/* Begin XCConfigurationList section */
		B2E30A8516B07CAA002C9E32 /* Build configuration list for PBXProject "PhotoShells.singleView" */ = {
			isa = XCConfigurationList;
			buildConfigurations = (
				B2E30AC216B07CAA002C9E32 /* Debug */,
				B2E30AC316B07CAA002C9E32 /* Release */,
			);
			defaultConfigurationIsVisible = 0;
			defaultConfigurationName = Release;
		};
		B2E30AC416B07CAA002C9E32 /* Build configuration list for PBXNativeTarget "PhotoShells.singleView" */ = {
			isa = XCConfigurationList;
			buildConfigurations = (
				B2E30AC516B07CAA002C9E32 /* Debug */,
				B2E30AC616B07CAA002C9E32 /* Release */,
			);
			defaultConfigurationIsVisible = 0;
			defaultConfigurationName = Release;
		};
		B2E30AC716B07CAA002C9E32 /* Build configuration list for PBXNativeTarget "PhotoShells.singleViewTests" */ = {
			isa = XCConfigurationList;
			buildConfigurations = (
				B2E30AC816B07CAA002C9E32 /* Debug */,
				B2E30AC916B07CAA002C9E32 /* Release */,
			);
			defaultConfigurationIsVisible = 0;
			defaultConfigurationName = Release;
		};
/* End XCConfigurationList section */
	};
	rootObject = B2E30A8216B07CAA002C9E32 /* Project object */;
}
